
Microsoft Visual Studio Solution File, Format Version 12.00
# Visual Studio Version 17
VisualStudioVersion = 17.10.35122.118
MinimumVisualStudioVersion = 10.0.40219.1
Project("{9A19103F-16F7-4668-BE54-9A1E7A4F7556}") = "API", "onlineshop\API.csproj", "{28044F0D-491A-4DD0-8AFD-928CFE5191A3}"
EndProject
Project("{9A19103F-16F7-4668-BE54-9A1E7A4F7556}") = "TrackingCode", "TrackingCode\TrackingCode.csproj", "{9ED2BF08-7542-48FF-8F0C-05F6AB584CBD}"
EndProject
Project("{FAE04EC0-301F-11D3-BF4B-00C04F79EFBC}") = "Application", "Application\Application.csproj", "{DADFEFA8-B441-4838-87F5-C1CA9F3ED077}"
EndProject
Project("{FAE04EC0-301F-11D3-BF4B-00C04F79EFBC}") = "DomainModel", "DomainModel\DomainModel.csproj", "{253B67C6-F543-4829-93CB-F5D216528666}"
EndProject
Project("{FAE04EC0-301F-11D3-BF4B-00C04F79EFBC}") = "DomainService", "DomainService\DomainService.csproj", "{33522BCB-8223-4803-ABAA-BE6252CDE9CF}"
EndProject
Project("{FAE04EC0-301F-11D3-BF4B-00C04F79EFBC}") = "Infrastructure", "Infrastructure\Infrastructure.csproj", "{63CA01D3-9F3A-4604-9484-6A0A21F2DAA3}"
EndProject
Global
	GlobalSection(SolutionConfigurationPlatforms) = preSolution
		Debug|Any CPU = Debug|Any CPU
		Release|Any CPU = Release|Any CPU
	EndGlobalSection
	GlobalSection(ProjectConfigurationPlatforms) = postSolution
		{28044F0D-491A-4DD0-8AFD-928CFE5191A3}.Debug|Any CPU.ActiveCfg = Debug|Any CPU
		{28044F0D-491A-4DD0-8AFD-928CFE5191A3}.Debug|Any CPU.Build.0 = Debug|Any CPU
		{28044F0D-491A-4DD0-8AFD-928CFE5191A3}.Release|Any CPU.ActiveCfg = Release|Any CPU
		{28044F0D-491A-4DD0-8AFD-928CFE5191A3}.Release|Any CPU.Build.0 = Release|Any CPU
		{9ED2BF08-7542-48FF-8F0C-05F6AB584CBD}.Debug|Any CPU.ActiveCfg = Debug|Any CPU
		{9ED2BF08-7542-48FF-8F0C-05F6AB584CBD}.Debug|Any CPU.Build.0 = Debug|Any CPU
		{9ED2BF08-7542-48FF-8F0C-05F6AB584CBD}.Release|Any CPU.ActiveCfg = Release|Any CPU
		{9ED2BF08-7542-48FF-8F0C-05F6AB584CBD}.Release|Any CPU.Build.0 = Release|Any CPU
		{DADFEFA8-B441-4838-87F5-C1CA9F3ED077}.Debug|Any CPU.ActiveCfg = Debug|Any CPU
		{DADFEFA8-B441-4838-87F5-C1CA9F3ED077}.Debug|Any CPU.Build.0 = Debug|Any CPU
		{DADFEFA8-B441-4838-87F5-C1CA9F3ED077}.Release|Any CPU.ActiveCfg = Release|Any CPU
		{DADFEFA8-B441-4838-87F5-C1CA9F3ED077}.Release|Any CPU.Build.0 = Release|Any CPU
		{253B67C6-F543-4829-93CB-F5D216528666}.Debug|Any CPU.ActiveCfg = Debug|Any CPU
		{253B67C6-F543-4829-93CB-F5D216528666}.Debug|Any CPU.Build.0 = Debug|Any CPU
		{253B67C6-F543-4829-93CB-F5D216528666}.Release|Any CPU.ActiveCfg = Release|Any CPU
		{253B67C6-F543-4829-93CB-F5D216528666}.Release|Any CPU.Build.0 = Release|Any CPU
		{33522BCB-8223-4803-ABAA-BE6252CDE9CF}.Debug|Any CPU.ActiveCfg = Debug|Any CPU
		{33522BCB-8223-4803-ABAA-BE6252CDE9CF}.Debug|Any CPU.Build.0 = Debug|Any CPU
		{33522BCB-8223-4803-ABAA-BE6252CDE9CF}.Release|Any CPU.ActiveCfg = Release|Any CPU
		{33522BCB-8223-4803-ABAA-BE6252CDE9CF}.Release|Any CPU.Build.0 = Release|Any CPU
		{63CA01D3-9F3A-4604-9484-6A0A21F2DAA3}.Debug|Any CPU.ActiveCfg = Debug|Any CPU
		{63CA01D3-9F3A-4604-9484-6A0A21F2DAA3}.Debug|Any CPU.Build.0 = Debug|Any CPU
		{63CA01D3-9F3A-4604-9484-6A0A21F2DAA3}.Release|Any CPU.ActiveCfg = Release|Any CPU
		{63CA01D3-9F3A-4604-9484-6A0A21F2DAA3}.Release|Any CPU.Build.0 = Release|Any CPU
	EndGlobalSection
	GlobalSection(SolutionProperties) = preSolution
		HideSolutionNode = FALSE
	EndGlobalSection
	GlobalSection(ExtensibilityGlobals) = postSolution
		SolutionGuid = {1B95638D-6633-4737-A40B-302679A15D5C}
	EndGlobalSection
EndGlobal
